
Microsoft Visual Studio Solution File, Format Version 12.00
# Visual Studio 15
VisualStudioVersion = 15.0.28307.329
MinimumVisualStudioVersion = 10.0.40219.1
Project("{FAE04EC0-301F-11D3-BF4B-00C04F79EFBC}") = "TRulerX.Android", "TRulerX\TRulerX.Android\TRulerX.Android.csproj", "{E934BC2D-9E18-4BE2-80AF-896FDB67336D}"
EndProject
Project("{FAE04EC0-301F-11D3-BF4B-00C04F79EFBC}") = "TRulerX.iOS", "TRulerX\TRulerX.iOS\TRulerX.iOS.csproj", "{36F10D81-136C-4C69-8981-384319076033}"
EndProject
Project("{FAE04EC0-301F-11D3-BF4B-00C04F79EFBC}") = "TRulerX", "TRulerX\TRulerX\TRulerX.csproj", "{FB664CD6-25BD-4255-BE4F-C8E3E3C8B5C5}"
EndProject
Global
	GlobalSection(SolutionConfigurationPlatforms) = preSolution
		Ad-Hoc|Any CPU = Ad-Hoc|Any CPU
		Ad-Hoc|iPhone = Ad-Hoc|iPhone
		Ad-Hoc|iPhoneSimulator = Ad-Hoc|iPhoneSimulator
		AppStore|Any CPU = AppStore|Any CPU
		AppStore|iPhone = AppStore|iPhone
		AppStore|iPhoneSimulator = AppStore|iPhoneSimulator
		Debug|Any CPU = Debug|Any CPU
		Debug|iPhone = Debug|iPhone
		Debug|iPhoneSimulator = Debug|iPhoneSimulator
		Release|Any CPU = Release|Any CPU
		Release|iPhone = Release|iPhone
		Release|iPhoneSimulator = Release|iPhoneSimulator
	EndGlobalSection
	GlobalSection(ProjectConfigurationPlatforms) = postSolution
		{E934BC2D-9E18-4BE2-80AF-896FDB67336D}.Ad-Hoc|Any CPU.ActiveCfg = Release|Any CPU
		{E934BC2D-9E18-4BE2-80AF-896FDB67336D}.Ad-Hoc|Any CPU.Build.0 = Release|Any CPU
		{E934BC2D-9E18-4BE2-80AF-896FDB67336D}.Ad-Hoc|Any CPU.Deploy.0 = Release|Any CPU
		{E934BC2D-9E18-4BE2-80AF-896FDB67336D}.Ad-Hoc|iPhone.ActiveCfg = Release|Any CPU
		{E934BC2D-9E18-4BE2-80AF-896FDB67336D}.Ad-Hoc|iPhone.Build.0 = Release|Any CPU
		{E934BC2D-9E18-4BE2-80AF-896FDB67336D}.Ad-Hoc|iPhone.Deploy.0 = Release|Any CPU
		{E934BC2D-9E18-4BE2-80AF-896FDB67336D}.Ad-Hoc|iPhoneSimulator.ActiveCfg = Release|Any CPU
		{E934BC2D-9E18-4BE2-80AF-896FDB67336D}.Ad-Hoc|iPhoneSimulator.Build.0 = Release|Any CPU
		{E934BC2D-9E18-4BE2-80AF-896FDB67336D}.Ad-Hoc|iPhoneSimulator.Deploy.0 = Release|Any CPU
		{E934BC2D-9E18-4BE2-80AF-896FDB67336D}.AppStore|Any CPU.ActiveCfg = Release|Any CPU
		{E934BC2D-9E18-4BE2-80AF-896FDB67336D}.AppStore|Any CPU.Build.0 = Release|Any CPU
		{E934BC2D-9E18-4BE2-80AF-896FDB67336D}.AppStore|Any CPU.Deploy.0 = Release|Any CPU
		{E934BC2D-9E18-4BE2-80AF-896FDB67336D}.AppStore|iPhone.ActiveCfg = Release|Any CPU
		{E934BC2D-9E18-4BE2-80AF-896FDB67336D}.AppStore|iPhone.Build.0 = Release|Any CPU
		{E934BC2D-9E18-4BE2-80AF-896FDB67336D}.AppStore|iPhone.Deploy.0 = Release|Any CPU
		{E934BC2D-9E18-4BE2-80AF-896FDB67336D}.AppStore|iPhoneSimulator.ActiveCfg = Release|Any CPU
		{E934BC2D-9E18-4BE2-80AF-896FDB67336D}.AppStore|iPhoneSimulator.Build.0 = Release|Any CPU
		{E934BC2D-9E18-4BE2-80AF-896FDB67336D}.AppStore|iPhoneSimulator.Deploy.0 = Release|Any CPU
		{E934BC2D-9E18-4BE2-80AF-896FDB67336D}.Debug|Any CPU.ActiveCfg = Debug|Any CPU
		{E934BC2D-9E18-4BE2-80AF-896FDB67336D}.Debug|Any CPU.Build.0 = Debug|Any CPU
		{E934BC2D-9E18-4BE2-80AF-896FDB67336D}.Debug|Any CPU.Deploy.0 = Debug|Any CPU
		{E934BC2D-9E18-4BE2-80AF-896FDB67336D}.Debug|iPhone.ActiveCfg = Debug|Any CPU
		{E934BC2D-9E18-4BE2-80AF-896FDB67336D}.Debug|iPhone.Build.0 = Debug|Any CPU
		{E934BC2D-9E18-4BE2-80AF-896FDB67336D}.Debug|iPhone.Deploy.0 = Debug|Any CPU
		{E934BC2D-9E18-4BE2-80AF-896FDB67336D}.Debug|iPhoneSimulator.ActiveCfg = Debug|Any CPU
		{E934BC2D-9E18-4BE2-80AF-896FDB67336D}.Debug|iPhoneSimulator.Build.0 = Debug|Any CPU
		{E934BC2D-9E18-4BE2-80AF-896FDB67336D}.Debug|iPhoneSimulator.Deploy.0 = Debug|Any CPU
		{E934BC2D-9E18-4BE2-80AF-896FDB67336D}.Release|Any CPU.ActiveCfg = Release|Any CPU
		{E934BC2D-9E18-4BE2-80AF-896FDB67336D}.Release|Any CPU.Build.0 = Release|Any CPU
		{E934BC2D-9E18-4BE2-80AF-896FDB67336D}.Release|Any CPU.Deploy.0 = Release|Any CPU
		{E934BC2D-9E18-4BE2-80AF-896FDB67336D}.Release|iPhone.ActiveCfg = Release|Any CPU
		{E934BC2D-9E18-4BE2-80AF-896FDB67336D}.Release|iPhone.Build.0 = Release|Any CPU
		{E934BC2D-9E18-4BE2-80AF-896FDB67336D}.Release|iPhone.Deploy.0 = Release|Any CPU
		{E934BC2D-9E18-4BE2-80AF-896FDB67336D}.Release|iPhoneSimulator.ActiveCfg = Release|Any CPU
		{E934BC2D-9E18-4BE2-80AF-896FDB67336D}.Release|iPhoneSimulator.Build.0 = Release|Any CPU
		{E934BC2D-9E18-4BE2-80AF-896FDB67336D}.Release|iPhoneSimulator.Deploy.0 = Release|Any CPU
		{36F10D81-136C-4C69-8981-384319076033}.Ad-Hoc|Any CPU.ActiveCfg = Ad-Hoc|iPhone
		{36F10D81-136C-4C69-8981-384319076033}.Ad-Hoc|Any CPU.Build.0 = Ad-Hoc|iPhone
		{36F10D81-136C-4C69-8981-384319076033}.Ad-Hoc|Any CPU.Deploy.0 = Ad-Hoc|iPhone
		{36F10D81-136C-4C69-8981-384319076033}.Ad-Hoc|iPhone.ActiveCfg = Ad-Hoc|iPhone
		{36F10D81-136C-4C69-8981-384319076033}.Ad-Hoc|iPhone.Build.0 = Ad-Hoc|iPhone
		{36F10D81-136C-4C69-8981-384319076033}.Ad-Hoc|iPhone.Deploy.0 = Ad-Hoc|iPhone
		{36F10D81-136C-4C69-8981-384319076033}.Ad-Hoc|iPhoneSimulator.ActiveCfg = Ad-Hoc|iPhoneSimulator
		{36F10D81-136C-4C69-8981-384319076033}.Ad-Hoc|iPhoneSimulator.Build.0 = Ad-Hoc|iPhoneSimulator
		{36F10D81-136C-4C69-8981-384319076033}.Ad-Hoc|iPhoneSimulator.Deploy.0 = Ad-Hoc|iPhoneSimulator
		{36F10D81-136C-4C69-8981-384319076033}.AppStore|Any CPU.ActiveCfg = AppStore|iPhone
		{36F10D81-136C-4C69-8981-384319076033}.AppStore|Any CPU.Build.0 = AppStore|iPhone
		{36F10D81-136C-4C69-8981-384319076033}.AppStore|Any CPU.Deploy.0 = AppStore|iPhone
		{36F10D81-136C-4C69-8981-384319076033}.AppStore|iPhone.ActiveCfg = AppStore|iPhone
		{36F10D81-136C-4C69-8981-384319076033}.AppStore|iPhone.Build.0 = AppStore|iPhone
		{36F10D81-136C-4C69-8981-384319076033}.AppStore|iPhone.Deploy.0 = AppStore|iPhone
		{36F10D81-136C-4C69-8981-384319076033}.AppStore|iPhoneSimulator.ActiveCfg = AppStore|iPhoneSimulator
		{36F10D81-136C-4C69-8981-384319076033}.AppStore|iPhoneSimulator.Build.0 = AppStore|iPhoneSimulator
		{36F10D81-136C-4C69-8981-384319076033}.AppStore|iPhoneSimulator.Deploy.0 = AppStore|iPhoneSimulator
		{36F10D81-136C-4C69-8981-384319076033}.Debug|Any CPU.ActiveCfg = Debug|iPhoneSimulator
		{36F10D81-136C-4C69-8981-384319076033}.Debug|Any CPU.Build.0 = Debug|iPhoneSimulator
		{36F10D81-136C-4C69-8981-384319076033}.Debug|Any CPU.Deploy.0 = Debug|iPhoneSimulator
		{36F10D81-136C-4C69-8981-384319076033}.Debug|iPhone.ActiveCfg = Debug|iPhone
		{36F10D81-136C-4C69-8981-384319076033}.Debug|iPhone.Build.0 = Debug|iPhone
		{36F10D81-136C-4C69-8981-384319076033}.Debug|iPhone.Deploy.0 = Debug|iPhone
		{36F10D81-136C-4C69-8981-384319076033}.Debug|iPhoneSimulator.ActiveCfg = Debug|iPhoneSimulator
		{36F10D81-136C-4C69-8981-384319076033}.Debug|iPhoneSimulator.Build.0 = Debug|iPhoneSimulator
		{36F10D81-136C-4C69-8981-384319076033}.Debug|iPhoneSimulator.Deploy.0 = Debug|iPhoneSimulator
		{36F10D81-136C-4C69-8981-384319076033}.Release|Any CPU.ActiveCfg = Release|iPhone
		{36F10D81-136C-4C69-8981-384319076033}.Release|Any CPU.Build.0 = Release|iPhone
		{36F10D81-136C-4C69-8981-384319076033}.Release|Any CPU.Deploy.0 = Release|iPhone
		{36F10D81-136C-4C69-8981-384319076033}.Release|iPhone.ActiveCfg = Release|iPhone
		{36F10D81-136C-4C69-8981-384319076033}.Release|iPhone.Build.0 = Release|iPhone
		{36F10D81-136C-4C69-8981-384319076033}.Release|iPhone.Deploy.0 = Release|iPhone
		{36F10D81-136C-4C69-8981-384319076033}.Release|iPhoneSimulator.ActiveCfg = Release|iPhoneSimulator
		{36F10D81-136C-4C69-8981-384319076033}.Release|iPhoneSimulator.Build.0 = Release|iPhoneSimulator
		{36F10D81-136C-4C69-8981-384319076033}.Release|iPhoneSimulator.Deploy.0 = Release|iPhoneSimulator
		{FB664CD6-25BD-4255-BE4F-C8E3E3C8B5C5}.Ad-Hoc|Any CPU.ActiveCfg = Debug|Any CPU
		{FB664CD6-25BD-4255-BE4F-C8E3E3C8B5C5}.Ad-Hoc|Any CPU.Build.0 = Debug|Any CPU
		{FB664CD6-25BD-4255-BE4F-C8E3E3C8B5C5}.Ad-Hoc|Any CPU.Deploy.0 = Debug|Any CPU
		{FB664CD6-25BD-4255-BE4F-C8E3E3C8B5C5}.Ad-Hoc|iPhone.ActiveCfg = Debug|Any CPU
		{FB664CD6-25BD-4255-BE4F-C8E3E3C8B5C5}.Ad-Hoc|iPhone.Build.0 = Debug|Any CPU
		{FB664CD6-25BD-4255-BE4F-C8E3E3C8B5C5}.Ad-Hoc|iPhone.Deploy.0 = Debug|Any CPU
		{FB664CD6-25BD-4255-BE4F-C8E3E3C8B5C5}.Ad-Hoc|iPhoneSimulator.ActiveCfg = Debug|Any CPU
		{FB664CD6-25BD-4255-BE4F-C8E3E3C8B5C5}.Ad-Hoc|iPhoneSimulator.Build.0 = Debug|Any CPU
		{FB664CD6-25BD-4255-BE4F-C8E3E3C8B5C5}.Ad-Hoc|iPhoneSimulator.Deploy.0 = Debug|Any CPU
		{FB664CD6-25BD-4255-BE4F-C8E3E3C8B5C5}.AppStore|Any CPU.ActiveCfg = Debug|Any CPU
		{FB664CD6-25BD-4255-BE4F-C8E3E3C8B5C5}.AppStore|Any CPU.Build.0 = Debug|Any CPU
		{FB664CD6-25BD-4255-BE4F-C8E3E3C8B5C5}.AppStore|Any CPU.Deploy.0 = Debug|Any CPU
		{FB664CD6-25BD-4255-BE4F-C8E3E3C8B5C5}.AppStore|iPhone.ActiveCfg = Debug|Any CPU
		{FB664CD6-25BD-4255-BE4F-C8E3E3C8B5C5}.AppStore|iPhone.Build.0 = Debug|Any CPU
		{FB664CD6-25BD-4255-BE4F-C8E3E3C8B5C5}.AppStore|iPhone.Deploy.0 = Debug|Any CPU
		{FB664CD6-25BD-4255-BE4F-C8E3E3C8B5C5}.AppStore|iPhoneSimulator.ActiveCfg = Debug|Any CPU
		{FB664CD6-25BD-4255-BE4F-C8E3E3C8B5C5}.AppStore|iPhoneSimulator.Build.0 = Debug|Any CPU
		{FB664CD6-25BD-4255-BE4F-C8E3E3C8B5C5}.AppStore|iPhoneSimulator.Deploy.0 = Debug|Any CPU
		{FB664CD6-25BD-4255-BE4F-C8E3E3C8B5C5}.Debug|Any CPU.ActiveCfg = Debug|Any CPU
		{FB664CD6-25BD-4255-BE4F-C8E3E3C8B5C5}.Debug|Any CPU.Build.0 = Debug|Any CPU
		{FB664CD6-25BD-4255-BE4F-C8E3E3C8B5C5}.Debug|Any CPU.Deploy.0 = Debug|Any CPU
		{FB664CD6-25BD-4255-BE4F-C8E3E3C8B5C5}.Debug|iPhone.ActiveCfg = Debug|Any CPU
		{FB664CD6-25BD-4255-BE4F-C8E3E3C8B5C5}.Debug|iPhone.Build.0 = Debug|Any CPU
		{FB664CD6-25BD-4255-BE4F-C8E3E3C8B5C5}.Debug|iPhone.Deploy.0 = Debug|Any CPU
		{FB664CD6-25BD-4255-BE4F-C8E3E3C8B5C5}.Debug|iPhoneSimulator.ActiveCfg = Debug|Any CPU
		{FB664CD6-25BD-4255-BE4F-C8E3E3C8B5C5}.Debug|iPhoneSimulator.Build.0 = Debug|Any CPU
		{FB664CD6-25BD-4255-BE4F-C8E3E3C8B5C5}.Debug|iPhoneSimulator.Deploy.0 = Debug|Any CPU
		{FB664CD6-25BD-4255-BE4F-C8E3E3C8B5C5}.Release|Any CPU.ActiveCfg = Release|Any CPU
		{FB664CD6-25BD-4255-BE4F-C8E3E3C8B5C5}.Release|Any CPU.Build.0 = Release|Any CPU
		{FB664CD6-25BD-4255-BE4F-C8E3E3C8B5C5}.Release|Any CPU.Deploy.0 = Release|Any CPU
		{FB664CD6-25BD-4255-BE4F-C8E3E3C8B5C5}.Release|iPhone.ActiveCfg = Release|Any CPU
		{FB664CD6-25BD-4255-BE4F-C8E3E3C8B5C5}.Release|iPhone.Build.0 = Release|Any CPU
		{FB664CD6-25BD-4255-BE4F-C8E3E3C8B5C5}.Release|iPhone.Deploy.0 = Release|Any CPU
		{FB664CD6-25BD-4255-BE4F-C8E3E3C8B5C5}.Release|iPhoneSimulator.ActiveCfg = Release|Any CPU
		{FB664CD6-25BD-4255-BE4F-C8E3E3C8B5C5}.Release|iPhoneSimulator.Build.0 = Release|Any CPU
		{FB664CD6-25BD-4255-BE4F-C8E3E3C8B5C5}.Release|iPhoneSimulator.Deploy.0 = Release|Any CPU
	EndGlobalSection
	GlobalSection(SolutionProperties) = preSolution
		HideSolutionNode = FALSE
	EndGlobalSection
	GlobalSection(ExtensibilityGlobals) = postSolution
		SolutionGuid = {6AB33F5E-B8C1-46A3-A29D-5ED2C3F5657D}
	EndGlobalSection
EndGlobal
